# This file is automatically @generated by Cargo.
# It is not intended for manual editing.
version = 3

[[package]]
name = "approx"
version = "0.5.1"
source = "registry+https://github.com/rust-lang/crates.io-index"
checksum = "cab112f0a86d568ea0e627cc1d6be74a1e9cd55214684db5561995f6dad897c6"
dependencies = [
 "num-traits",
]

[[package]]
name = "arrayvec"
version = "0.7.6"
source = "registry+https://github.com/rust-lang/crates.io-index"
checksum = "7c02d123df017efcdfbd739ef81735b36c5ba83ec3c59c80a9d7ecc718f92e50"

[[package]]
name = "autocfg"
version = "1.3.0"
source = "registry+https://github.com/rust-lang/crates.io-index"
checksum = "0c4b4d0bd25bd0b74681c0ad21497610ce1b7c91b1022cd21c80c6fbdd9476b0"

[[package]]
name = "base58ck"
version = "0.1.0"
source = "registry+https://github.com/rust-lang/crates.io-index"
checksum = "2c8d66485a3a2ea485c1913c4572ce0256067a5377ac8c75c4960e1cda98605f"
dependencies = [
 "bitcoin-internals",
 "bitcoin_hashes 0.14.0",
]

[[package]]
name = "bech32"
version = "0.11.0"
source = "registry+https://github.com/rust-lang/crates.io-index"
checksum = "d965446196e3b7decd44aa7ee49e31d630118f90ef12f97900f262eb915c951d"

[[package]]
name = "bip39"
version = "2.0.0"
source = "registry+https://github.com/rust-lang/crates.io-index"
checksum = "93f2635620bf0b9d4576eb7bb9a38a55df78bd1205d26fa994b25911a69f212f"
dependencies = [
 "bitcoin_hashes 0.11.0",
 "serde",
 "unicode-normalization",
 "zeroize",
]

[[package]]
name = "bitcoin"
version = "0.32.3"
source = "registry+https://github.com/rust-lang/crates.io-index"
checksum = "0032b0e8ead7074cda7fc4f034409607e3f03a6f71d66ade8a307f79b4d99e73"
dependencies = [
 "base58ck",
 "bech32",
 "bitcoin-internals",
 "bitcoin-io",
 "bitcoin-units",
 "bitcoin_hashes 0.14.0",
 "hex-conservative",
 "hex_lit",
 "secp256k1",
]

[[package]]
name = "bitcoin-internals"
version = "0.3.0"
source = "registry+https://github.com/rust-lang/crates.io-index"
checksum = "30bdbe14aa07b06e6cfeffc529a1f099e5fbe249524f8125358604df99a4bed2"

[[package]]
name = "bitcoin-io"
version = "0.1.2"
source = "registry+https://github.com/rust-lang/crates.io-index"
checksum = "340e09e8399c7bd8912f495af6aa58bea0c9214773417ffaa8f6460f93aaee56"

[[package]]
name = "bitcoin-units"
version = "0.1.2"
source = "registry+https://github.com/rust-lang/crates.io-index"
checksum = "5285c8bcaa25876d07f37e3d30c303f2609179716e11d688f51e8f1fe70063e2"
dependencies = [
 "bitcoin-internals",
]

[[package]]
name = "bitcoin_hashes"
version = "0.11.0"
source = "registry+https://github.com/rust-lang/crates.io-index"
checksum = "90064b8dee6815a6470d60bad07bbbaee885c0e12d04177138fa3291a01b7bc4"

[[package]]
name = "bitcoin_hashes"
version = "0.14.0"
source = "registry+https://github.com/rust-lang/crates.io-index"
checksum = "bb18c03d0db0247e147a21a6faafd5a7eb851c743db062de72018b6b7e8e4d16"
dependencies = [
 "bitcoin-io",
 "hex-conservative",
]

[[package]]
name = "bitvec"
version = "1.0.1"
source = "registry+https://github.com/rust-lang/crates.io-index"
checksum = "1bc2832c24239b0141d5674bb9174f9d68a8b5b3f2753311927c172ca46f7e9c"
dependencies = [
 "funty",
 "radium",
 "tap",
 "wyz",
]

[[package]]
name = "byteorder"
version = "1.5.0"
source = "registry+https://github.com/rust-lang/crates.io-index"
checksum = "1fd0f2584146f6f2ef48085050886acf353beff7305ebd1ae69500e27c67f64b"

[[package]]
name = "cc"
version = "1.1.14"
source = "registry+https://github.com/rust-lang/crates.io-index"
checksum = "50d2eb3cd3d1bf4529e31c215ee6f93ec5a3d536d9f578f93d9d33ee19562932"
dependencies = [
 "shlex",
]

[[package]]
name = "cfg-if"
version = "1.0.0"
source = "registry+https://github.com/rust-lang/crates.io-index"
checksum = "baf1de4339761588bc0619e3cbc0120ee582ebb74b53b4efbf79117bd2da40fd"

[[package]]
name = "crossbeam-deque"
version = "0.8.5"
source = "registry+https://github.com/rust-lang/crates.io-index"
checksum = "613f8cc01fe9cf1a3eb3d7f488fd2fa8388403e97039e2f73692932e291a770d"
dependencies = [
 "crossbeam-epoch",
 "crossbeam-utils",
]

[[package]]
name = "crossbeam-epoch"
version = "0.9.18"
source = "registry+https://github.com/rust-lang/crates.io-index"
checksum = "5b82ac4a3c2ca9c3460964f020e1402edd5753411d7737aa39c3714ad1b5420e"
dependencies = [
 "crossbeam-utils",
]

[[package]]
name = "crossbeam-utils"
version = "0.8.20"
source = "registry+https://github.com/rust-lang/crates.io-index"
checksum = "22ec99545bb0ed0ea7bb9b8e1e9122ea386ff8a48c0922e43f36d45ab09e0e80"

[[package]]
name = "either"
version = "1.13.0"
source = "registry+https://github.com/rust-lang/crates.io-index"
checksum = "60b1af1c220855b6ceac025d3f6ecdd2b7c4894bfe9cd9bda4fbb4bc7c0d4cf0"

[[package]]
name = "funty"
version = "2.0.0"
source = "registry+https://github.com/rust-lang/crates.io-index"
checksum = "e6d5a32815ae3f33302d95fdcb2ce17862f8c65363dcfd29360480ba1001fc9c"

[[package]]
name = "getrandom"
version = "0.2.15"
source = "registry+https://github.com/rust-lang/crates.io-index"
checksum = "c4567c8db10ae91089c99af84c68c38da3ec2f087c3f82960bcdbf3656b6f4d7"
dependencies = [
 "cfg-if",
 "libc",
 "wasi",
]

[[package]]
name = "getset"
version = "0.1.3"
source = "registry+https://github.com/rust-lang/crates.io-index"
checksum = "f636605b743120a8d32ed92fc27b6cde1a769f8f936c065151eb66f88ded513c"
dependencies = [
 "proc-macro-error2",
 "proc-macro2",
 "quote",
 "syn 2.0.76",
]

[[package]]
name = "hex-conservative"
version = "0.2.1"
source = "registry+https://github.com/rust-lang/crates.io-index"
checksum = "5313b072ce3c597065a808dbf612c4c8e8590bdbf8b579508bf7a762c5eae6cd"
dependencies = [
 "arrayvec",
]

[[package]]
name = "hex_lit"
version = "0.1.1"
source = "registry+https://github.com/rust-lang/crates.io-index"
checksum = "3011d1213f159867b13cfd6ac92d2cd5f1345762c63be3554e84092d85a50bbd"

[[package]]
name = "lazy_static"
version = "1.5.0"
source = "registry+https://github.com/rust-lang/crates.io-index"
checksum = "bbd2bcb4c963f2ddae06a2efc7e9f3591312473c50c6685e1f298068316e66fe"

[[package]]
name = "libc"
version = "0.2.158"
source = "registry+https://github.com/rust-lang/crates.io-index"
checksum = "d8adc4bb1803a324070e64a98ae98f38934d91957a99cfb3a43dcbc01bc56439"

[[package]]
name = "libm"
version = "0.2.8"
source = "registry+https://github.com/rust-lang/crates.io-index"
checksum = "4ec2a862134d2a7d32d7983ddcdd1c4923530833c9f2ea1a44fc5fa473989058"

[[package]]
name = "matrixmultiply"
version = "0.3.9"
source = "registry+https://github.com/rust-lang/crates.io-index"
checksum = "9380b911e3e96d10c1f415da0876389aaf1b56759054eeb0de7df940c456ba1a"
dependencies = [
 "autocfg",
 "rawpointer",
]

[[package]]
name = "nalgebra"
version = "0.27.1"
source = "registry+https://github.com/rust-lang/crates.io-index"
checksum = "462fffe4002f4f2e1f6a9dcf12cc1a6fc0e15989014efc02a941d3e0f5dc2120"
dependencies = [
 "approx",
 "matrixmultiply",
 "nalgebra-macros",
 "num-complex",
 "num-rational",
 "num-traits",
 "rand",
 "rand_distr",
 "simba",
 "typenum",
]

[[package]]
name = "nalgebra-macros"
version = "0.1.0"
source = "registry+https://github.com/rust-lang/crates.io-index"
checksum = "01fcc0b8149b4632adc89ac3b7b31a12fb6099a0317a4eb2ebff574ef7de7218"
dependencies = [
 "proc-macro2",
 "quote",
 "syn 1.0.109",
]

[[package]]
name = "nistrs"
version = "0.1.2"
source = "registry+https://github.com/rust-lang/crates.io-index"
checksum = "d0294ad7360bde48721ae03ec1c2f1ca45c2255cb2d9990285273fb361f47113"
dependencies = [
 "cfg-if",
 "libm",
 "rayon",
 "rustfft",
 "statrs",
]

[[package]]
name = "num-complex"
version = "0.4.6"
source = "registry+https://github.com/rust-lang/crates.io-index"
checksum = "73f88a1307638156682bada9d7604135552957b7818057dcef22705b4d509495"
dependencies = [
 "num-traits",
]

[[package]]
name = "num-integer"
version = "0.1.46"
source = "registry+https://github.com/rust-lang/crates.io-index"
checksum = "7969661fd2958a5cb096e56c8e1ad0444ac2bbcd0061bd28660485a44879858f"
dependencies = [
 "num-traits",
]

[[package]]
name = "num-rational"
version = "0.4.2"
source = "registry+https://github.com/rust-lang/crates.io-index"
checksum = "f83d14da390562dca69fc84082e73e548e1ad308d24accdedd2720017cb37824"
dependencies = [
 "num-integer",
 "num-traits",
]

[[package]]
name = "num-traits"
version = "0.2.19"
source = "registry+https://github.com/rust-lang/crates.io-index"
checksum = "071dfc062690e90b734c0b2273ce72ad0ffa95f0c74596bc250dcfd960262841"
dependencies = [
 "autocfg",
 "libm",
]

[[package]]
name = "paste"
version = "1.0.15"
source = "registry+https://github.com/rust-lang/crates.io-index"
checksum = "57c0d7b74b563b49d38dae00a0c37d4d6de9b432382b2892f0574ddcae73fd0a"

[[package]]
name = "ppv-lite86"
version = "0.2.20"
source = "registry+https://github.com/rust-lang/crates.io-index"
checksum = "77957b295656769bb8ad2b6a6b09d897d94f05c41b069aede1fcdaa675eaea04"
dependencies = [
 "zerocopy",
]

[[package]]
name = "primal-check"
version = "0.3.4"
source = "registry+https://github.com/rust-lang/crates.io-index"
checksum = "dc0d895b311e3af9902528fbb8f928688abbd95872819320517cc24ca6b2bd08"
dependencies = [
 "num-integer",
]

[[package]]
name = "proc-macro-error-attr2"
version = "2.0.0"
source = "registry+https://github.com/rust-lang/crates.io-index"
checksum = "96de42df36bb9bba5542fe9f1a054b8cc87e172759a1868aa05c1f3acc89dfc5"
dependencies = [
 "proc-macro2",
 "quote",
]

[[package]]
name = "proc-macro-error2"
version = "2.0.1"
source = "registry+https://github.com/rust-lang/crates.io-index"
checksum = "11ec05c52be0a07b08061f7dd003e7d7092e0472bc731b4af7bb1ef876109802"
dependencies = [
 "proc-macro-error-attr2",
 "proc-macro2",
 "quote",
 "syn 2.0.76",
]

[[package]]
name = "proc-macro2"
version = "1.0.86"
source = "registry+https://github.com/rust-lang/crates.io-index"
checksum = "5e719e8df665df0d1c8fbfd238015744736151d4445ec0836b8e628aae103b77"
dependencies = [
 "unicode-ident",
]

[[package]]
name = "quote"
version = "1.0.37"
source = "registry+https://github.com/rust-lang/crates.io-index"
checksum = "b5b9d34b8991d19d98081b46eacdd8eb58c6f2b201139f7c5f643cc155a633af"
dependencies = [
 "proc-macro2",
]

[[package]]
name = "radium"
version = "0.7.0"
source = "registry+https://github.com/rust-lang/crates.io-index"
checksum = "dc33ff2d4973d518d823d61aa239014831e521c75da58e3df4840d3f47749d09"

[[package]]
name = "rand"
version = "0.8.5"
source = "registry+https://github.com/rust-lang/crates.io-index"
checksum = "34af8d1a0e25924bc5b7c43c079c942339d8f0a8b57c39049bef581b46327404"
dependencies = [
 "libc",
 "rand_chacha",
 "rand_core",
]

[[package]]
name = "rand_chacha"
version = "0.3.1"
source = "registry+https://github.com/rust-lang/crates.io-index"
checksum = "e6c10a63a0fa32252be49d21e7709d4d4baf8d231c2dbce1eaa8141b9b127d88"
dependencies = [
 "ppv-lite86",
 "rand_core",
]

[[package]]
name = "rand_core"
version = "0.6.4"
source = "registry+https://github.com/rust-lang/crates.io-index"
checksum = "ec0be4795e2f6a28069bec0b5ff3e2ac9bafc99e6a9a7dc3547996c5c816922c"
dependencies = [
 "getrandom",
]

[[package]]
name = "rand_distr"
version = "0.4.3"
source = "registry+https://github.com/rust-lang/crates.io-index"
checksum = "32cb0b9bc82b0a0876c2dd994a7e7a2683d3e7390ca40e6886785ef0c7e3ee31"
dependencies = [
 "num-traits",
 "rand",
]

[[package]]
name = "rawpointer"
version = "0.2.1"
source = "registry+https://github.com/rust-lang/crates.io-index"
checksum = "60a357793950651c4ed0f3f52338f53b2f809f32d83a07f72909fa13e4c6c1e3"

[[package]]
name = "rayon"
version = "1.10.0"
source = "registry+https://github.com/rust-lang/crates.io-index"
checksum = "b418a60154510ca1a002a752ca9714984e21e4241e804d32555251faf8b78ffa"
dependencies = [
 "either",
 "rayon-core",
]

[[package]]
name = "rayon-core"
version = "1.12.1"
source = "registry+https://github.com/rust-lang/crates.io-index"
checksum = "1465873a3dfdaa8ae7cb14b4383657caab0b3e8a0aa9ae8e04b044854c8dfce2"
dependencies = [
 "crossbeam-deque",
 "crossbeam-utils",
]

[[package]]
name = "ring"
version = "0.17.8"
source = "registry+https://github.com/rust-lang/crates.io-index"
checksum = "c17fa4cb658e3583423e915b9f3acc01cceaee1860e33d59ebae66adc3a2dc0d"
dependencies = [
 "cc",
 "cfg-if",
 "getrandom",
 "libc",
 "spin",
 "untrusted",
 "windows-sys",
]

[[package]]
name = "rustfft"
version = "6.2.0"
source = "registry+https://github.com/rust-lang/crates.io-index"
checksum = "43806561bc506d0c5d160643ad742e3161049ac01027b5e6d7524091fd401d86"
dependencies = [
 "num-complex",
 "num-integer",
 "num-traits",
 "primal-check",
 "strength_reduce",
 "transpose",
 "version_check",
]

[[package]]
name = "secp256k1"
version = "0.29.1"
source = "registry+https://github.com/rust-lang/crates.io-index"
checksum = "9465315bc9d4566e1724f0fffcbcc446268cb522e60f9a27bcded6b19c108113"
dependencies = [
 "bitcoin_hashes 0.14.0",
 "secp256k1-sys",
]

[[package]]
name = "secp256k1-sys"
version = "0.10.1"
source = "registry+https://github.com/rust-lang/crates.io-index"
checksum = "d4387882333d3aa8cb20530a17c69a3752e97837832f34f6dccc760e715001d9"
dependencies = [
 "cc",
]

[[package]]
name = "serde"
version = "1.0.210"
source = "registry+https://github.com/rust-lang/crates.io-index"
checksum = "c8e3592472072e6e22e0a54d5904d9febf8508f65fb8552499a1abc7d1078c3a"
dependencies = [
 "serde_derive",
]

[[package]]
name = "serde_derive"
version = "1.0.210"
source = "registry+https://github.com/rust-lang/crates.io-index"
checksum = "243902eda00fad750862fc144cea25caca5e20d615af0a81bee94ca738f1df1f"
dependencies = [
 "proc-macro2",
 "quote",
 "syn 2.0.76",
]

[[package]]
name = "shlex"
version = "1.3.0"
source = "registry+https://github.com/rust-lang/crates.io-index"
checksum = "0fda2ff0d084019ba4d7c6f371c95d8fd75ce3524c3cb8fb653a3023f6323e64"

[[package]]
name = "simba"
version = "0.5.1"
source = "registry+https://github.com/rust-lang/crates.io-index"
checksum = "8e82063457853d00243beda9952e910b82593e4b07ae9f721b9278a99a0d3d5c"
dependencies = [
 "approx",
 "num-complex",
 "num-traits",
 "paste",
]

[[package]]
name = "spin"
version = "0.9.8"
source = "registry+https://github.com/rust-lang/crates.io-index"
checksum = "6980e8d7511241f8acf4aebddbb1ff938df5eebe98691418c4468d0b72a96a67"

[[package]]
name = "statrs"
version = "0.15.0"
source = "registry+https://github.com/rust-lang/crates.io-index"
checksum = "05bdbb8e4e78216a85785a85d3ec3183144f98d0097b9281802c019bb07a6f05"
dependencies = [
 "approx",
 "lazy_static",
 "nalgebra",
 "num-traits",
 "rand",
]

[[package]]
name = "strength_reduce"
version = "0.2.4"
source = "registry+https://github.com/rust-lang/crates.io-index"
checksum = "fe895eb47f22e2ddd4dabc02bce419d2e643c8e3b585c78158b349195bc24d82"

[[package]]
name = "syn"
version = "1.0.109"
source = "registry+https://github.com/rust-lang/crates.io-index"
checksum = "72b64191b275b66ffe2469e8af2c1cfe3bafa67b529ead792a6d0160888b4237"
dependencies = [
 "proc-macro2",
 "quote",
 "unicode-ident",
]

[[package]]
name = "syn"
version = "2.0.76"
source = "registry+https://github.com/rust-lang/crates.io-index"
checksum = "578e081a14e0cefc3279b0472138c513f37b41a08d5a3cca9b6e4e8ceb6cd525"
dependencies = [
 "proc-macro2",
 "quote",
 "unicode-ident",
]

[[package]]
name = "tap"
version = "1.0.1"
source = "registry+https://github.com/rust-lang/crates.io-index"
checksum = "55937e1799185b12863d447f42597ed69d9928686b8d88a1df17376a097d8369"

[[package]]
name = "tinyvec"
version = "1.8.0"
source = "registry+https://github.com/rust-lang/crates.io-index"
checksum = "445e881f4f6d382d5f27c034e25eb92edd7c784ceab92a0937db7f2e9471b938"
dependencies = [
 "tinyvec_macros",
]

[[package]]
name = "tinyvec_macros"
version = "0.1.1"
source = "registry+https://github.com/rust-lang/crates.io-index"
checksum = "1f3ccbac311fea05f86f61904b462b55fb3df8837a366dfc601a0161d0532f20"

[[package]]
name = "transpose"
version = "0.2.3"
source = "registry+https://github.com/rust-lang/crates.io-index"
checksum = "1ad61aed86bc3faea4300c7aee358b4c6d0c8d6ccc36524c96e4c92ccf26e77e"
dependencies = [
 "num-integer",
 "strength_reduce",
]

[[package]]
name = "tychentropy"
version = "0.1.0-alpha.1"
dependencies = [
 "bip39",
 "bitcoin",
 "bitvec",
 "getset",
 "nistrs",
 "rand",
 "ring",
 "zeroize",
]

[[package]]
name = "typenum"
version = "1.17.0"
source = "registry+https://github.com/rust-lang/crates.io-index"
checksum = "42ff0bf0c66b8238c6f3b578df37d0b7848e55df8577b3f74f92a69acceeb825"

[[package]]
name = "unicode-ident"
version = "1.0.12"
source = "registry+https://github.com/rust-lang/crates.io-index"
checksum = "3354b9ac3fae1ff6755cb6db53683adb661634f67557942dea4facebec0fee4b"

[[package]]
name = "unicode-normalization"
version = "0.1.22"
source = "registry+https://github.com/rust-lang/crates.io-index"
checksum = "5c5713f0fc4b5db668a2ac63cdb7bb4469d8c9fed047b1d0292cc7b0ce2ba921"
dependencies = [
 "tinyvec",
]

[[package]]
name = "untrusted"
version = "0.9.0"
source = "registry+https://github.com/rust-lang/crates.io-index"
checksum = "8ecb6da28b8a351d773b68d5825ac39017e680750f980f3a1a85cd8dd28a47c1"

[[package]]
name = "version_check"
version = "0.9.5"
source = "registry+https://github.com/rust-lang/crates.io-index"
checksum = "0b928f33d975fc6ad9f86c8f283853ad26bdd5b10b7f1542aa2fa15e2289105a"

[[package]]
name = "wasi"
version = "0.11.0+wasi-snapshot-preview1"
source = "registry+https://github.com/rust-lang/crates.io-index"
checksum = "9c8d87e72b64a3b4db28d11ce29237c246188f4f51057d65a7eab63b7987e423"

[[package]]
name = "windows-sys"
version = "0.52.0"
source = "registry+https://github.com/rust-lang/crates.io-index"
checksum = "282be5f36a8ce781fad8c8ae18fa3f9beff57ec1b52cb3de0789201425d9a33d"
dependencies = [
 "windows-targets",
]

[[package]]
name = "windows-targets"
version = "0.52.6"
source = "registry+https://github.com/rust-lang/crates.io-index"
checksum = "9b724f72796e036ab90c1021d4780d4d3d648aca59e491e6b98e725b84e99973"
dependencies = [
 "windows_aarch64_gnullvm",
 "windows_aarch64_msvc",
 "windows_i686_gnu",
 "windows_i686_gnullvm",
 "windows_i686_msvc",
 "windows_x86_64_gnu",
 "windows_x86_64_gnullvm",
 "windows_x86_64_msvc",
]

[[package]]
name = "windows_aarch64_gnullvm"
version = "0.52.6"
source = "registry+https://github.com/rust-lang/crates.io-index"
checksum = "32a4622180e7a0ec044bb555404c800bc9fd9ec262ec147edd5989ccd0c02cd3"

[[package]]
name = "windows_aarch64_msvc"
version = "0.52.6"
source = "registry+https://github.com/rust-lang/crates.io-index"
checksum = "09ec2a7bb152e2252b53fa7803150007879548bc709c039df7627cabbd05d469"

[[package]]
name = "windows_i686_gnu"
version = "0.52.6"
source = "registry+https://github.com/rust-lang/crates.io-index"
checksum = "8e9b5ad5ab802e97eb8e295ac6720e509ee4c243f69d781394014ebfe8bbfa0b"

[[package]]
name = "windows_i686_gnullvm"
version = "0.52.6"
source = "registry+https://github.com/rust-lang/crates.io-index"
checksum = "0eee52d38c090b3caa76c563b86c3a4bd71ef1a819287c19d586d7334ae8ed66"

[[package]]
name = "windows_i686_msvc"
version = "0.52.6"
source = "registry+https://github.com/rust-lang/crates.io-index"
checksum = "240948bc05c5e7c6dabba28bf89d89ffce3e303022809e73deaefe4f6ec56c66"

[[package]]
name = "windows_x86_64_gnu"
version = "0.52.6"
source = "registry+https://github.com/rust-lang/crates.io-index"
checksum = "147a5c80aabfbf0c7d901cb5895d1de30ef2907eb21fbbab29ca94c5b08b1a78"

[[package]]
name = "windows_x86_64_gnullvm"
version = "0.52.6"
source = "registry+https://github.com/rust-lang/crates.io-index"
checksum = "24d5b23dc417412679681396f2b49f3de8c1473deb516bd34410872eff51ed0d"

[[package]]
name = "windows_x86_64_msvc"
version = "0.52.6"
source = "registry+https://github.com/rust-lang/crates.io-index"
checksum = "589f6da84c646204747d1270a2a5661ea66ed1cced2631d546fdfb155959f9ec"

[[package]]
name = "wyz"
version = "0.5.1"
source = "registry+https://github.com/rust-lang/crates.io-index"
checksum = "05f360fc0b24296329c78fda852a1e9ae82de9cf7b27dae4b7f62f118f77b9ed"
dependencies = [
 "tap",
]

[[package]]
name = "zerocopy"
version = "0.7.35"
source = "registry+https://github.com/rust-lang/crates.io-index"
checksum = "1b9b4fd18abc82b8136838da5d50bae7bdea537c574d8dc1a34ed098d6c166f0"
dependencies = [
 "byteorder",
 "zerocopy-derive",
]

[[package]]
name = "zerocopy-derive"
version = "0.7.35"
source = "registry+https://github.com/rust-lang/crates.io-index"
checksum = "fa4f8080344d4671fb4e831a13ad1e68092748387dfc4f55e356242fae12ce3e"
dependencies = [
 "proc-macro2",
 "quote",
 "syn 2.0.76",
]

[[package]]
name = "zeroize"
version = "1.8.1"
source = "registry+https://github.com/rust-lang/crates.io-index"
checksum = "ced3678a2879b30306d323f4542626697a464a97c0a07c9aebf7ebca65cd4dde"
dependencies = [
 "zeroize_derive",
]

[[package]]
name = "zeroize_derive"
version = "1.4.2"
source = "registry+https://github.com/rust-lang/crates.io-index"
checksum = "ce36e65b0d2999d2aafac989fb249189a141aee1f53c612c1f37d72631959f69"
dependencies = [
 "proc-macro2",
 "quote",
 "syn 2.0.76",
]
